
Microsoft Visual Studio Solution File, Format Version 12.00
# Visual Studio Version 17
VisualStudioVersion = 17.0.32014.148
MinimumVisualStudioVersion = 10.0.40219.1
Project("{9A19103F-16F7-4668-BE54-9A1E7A4F7556}") = "BookStoreAppApi", "BookStoreAppApi\BookStoreAppApi.csproj", "{C7DDC721-29F1-4E95-A1B4-A10C8BD26C83}"
EndProject
Project("{9A19103F-16F7-4668-BE54-9A1E7A4F7556}") = "BookStoreApp.Blazor.Server.Ui", "BookStoreApp.Blazor.Server.Ui\BookStoreApp.Blazor.Server.Ui.csproj", "{0544A794-80DA-4F86-8038-AF6CDD39A579}"
EndProject
Global
	GlobalSection(SolutionConfigurationPlatforms) = preSolution
		Debug|Any CPU = Debug|Any CPU
		Release|Any CPU = Release|Any CPU
	EndGlobalSection
	GlobalSection(ProjectConfigurationPlatforms) = postSolution
		{C7DDC721-29F1-4E95-A1B4-A10C8BD26C83}.Debug|Any CPU.ActiveCfg = Debug|Any CPU
		{C7DDC721-29F1-4E95-A1B4-A10C8BD26C83}.Debug|Any CPU.Build.0 = Debug|Any CPU
		{C7DDC721-29F1-4E95-A1B4-A10C8BD26C83}.Release|Any CPU.ActiveCfg = Release|Any CPU
		{C7DDC721-29F1-4E95-A1B4-A10C8BD26C83}.Release|Any CPU.Build.0 = Release|Any CPU
		{0544A794-80DA-4F86-8038-AF6CDD39A579}.Debug|Any CPU.ActiveCfg = Debug|Any CPU
		{0544A794-80DA-4F86-8038-AF6CDD39A579}.Debug|Any CPU.Build.0 = Debug|Any CPU
		{0544A794-80DA-4F86-8038-AF6CDD39A579}.Release|Any CPU.ActiveCfg = Release|Any CPU
		{0544A794-80DA-4F86-8038-AF6CDD39A579}.Release|Any CPU.Build.0 = Release|Any CPU
	EndGlobalSection
	GlobalSection(SolutionProperties) = preSolution
		HideSolutionNode = FALSE
	EndGlobalSection
	GlobalSection(ExtensibilityGlobals) = postSolution
		SolutionGuid = {0E35C69E-A16B-46C3-BD5D-FC006D555D71}
	EndGlobalSection
EndGlobal
